// !$*UTF8*$!
{
	archiveVersion = 1;
	classes = {
	};
	objectVersion = 51;
	objects = {

/* Begin PBXBuildFile section */
		570E00DD2711188A003AA68C /* AppDelegate.swift in Sources */ = {isa = PBXBuildFile; fileRef = 570E00DC2711188A003AA68C /* AppDelegate.swift */; };
		570E00DF2711188A003AA68C /* SceneDelegate.swift in Sources */ = {isa = PBXBuildFile; fileRef = 570E00DE2711188A003AA68C /* SceneDelegate.swift */; };
		570E00E12711188A003AA68C /* MainViewController.swift in Sources */ = {isa = PBXBuildFile; fileRef = 570E00E02711188A003AA68C /* MainViewController.swift */; };
		570E00E42711188A003AA68C /* Main.storyboard in Resources */ = {isa = PBXBuildFile; fileRef = 570E00E22711188A003AA68C /* Main.storyboard */; };
		570E00E627111892003AA68C /* Assets.xcassets in Resources */ = {isa = PBXBuildFile; fileRef = 570E00E527111892003AA68C /* Assets.xcassets */; };
		570E00E927111892003AA68C /* LaunchScreen.storyboard in Resources */ = {isa = PBXBuildFile; fileRef = 570E00E727111892003AA68C /* LaunchScreen.storyboard */; };
		570E00F227111CB2003AA68C /* PhotosViewController.swift in Sources */ = {isa = PBXBuildFile; fileRef = 570E00F127111CB2003AA68C /* PhotosViewController.swift */; };
		570E00F427111CF6003AA68C /* PhotoCell.swift in Sources */ = {isa = PBXBuildFile; fileRef = 570E00F327111CF6003AA68C /* PhotoCell.swift */; };
		570E00F927111D3C003AA68C /* UIImage+Collage.swift in Sources */ = {isa = PBXBuildFile; fileRef = 570E00F727111D3B003AA68C /* UIImage+Collage.swift */; };
		570E00FA27111D3C003AA68C /* PhotoWriter.swift in Sources */ = {isa = PBXBuildFile; fileRef = 570E00F827111D3C003AA68C /* PhotoWriter.swift */; };
		5723B71E2719BC1400A38C4D /* Extension UIViewController.swift in Sources */ = {isa = PBXBuildFile; fileRef = 5723B71D2719BC1400A38C4D /* Extension UIViewController.swift */; };
		5763E11B271F359100961952 /* PHPhotoLibrary+Rx.swift in Sources */ = {isa = PBXBuildFile; fileRef = 5763E11A271F359100961952 /* PHPhotoLibrary+Rx.swift */; };
		E5B4C0CFA0ED5FC447D89DE1 /* Pods_Reactive.framework in Frameworks */ = {isa = PBXBuildFile; fileRef = E4120082663D31344B295BD2 /* Pods_Reactive.framework */; };
/* End PBXBuildFile section */

/* Begin PBXContainerItemProxy section */
		57FCFDF3271E04FA0019DB38 /* PBXContainerItemProxy */ = {
			isa = PBXContainerItemProxy;
			containerPortal = 57FCFDEC271E04FA0019DB38 /* Pods.xcodeproj */;
			proxyType = 2;
			remoteGlobalIDString = 1A62A1A5B6241ADBD70800E5F97BC305;
			remoteInfo = "Pods-Reactive";
		};
		57FCFDF5271E04FA0019DB38 /* PBXContainerItemProxy */ = {
			isa = PBXContainerItemProxy;
			containerPortal = 57FCFDEC271E04FA0019DB38 /* Pods.xcodeproj */;
			proxyType = 2;
			remoteGlobalIDString = BC432FD48A5932251F1CAFBC4BF74894;
			remoteInfo = RxCocoa;
		};
		57FCFDF7271E04FA0019DB38 /* PBXContainerItemProxy */ = {
			isa = PBXContainerItemProxy;
			containerPortal = 57FCFDEC271E04FA0019DB38 /* Pods.xcodeproj */;
			proxyType = 2;
			remoteGlobalIDString = FF8B264DFE802855D5D67E7CDDABFC3C;
			remoteInfo = RxRelay;
		};
		57FCFDF9271E04FA0019DB38 /* PBXContainerItemProxy */ = {
			isa = PBXContainerItemProxy;
			containerPortal = 57FCFDEC271E04FA0019DB38 /* Pods.xcodeproj */;
			proxyType = 2;
			remoteGlobalIDString = 809C5FAB588354C9BA37DC3EAB8CB45C;
			remoteInfo = RxSwift;
		};
/* End PBXContainerItemProxy section */

/* Begin PBXFileReference section */
		570E00D92711188A003AA68C /* Reactive.app */ = {isa = PBXFileReference; explicitFileType = wrapper.application; includeInIndex = 0; path = Reactive.app; sourceTree = BUILT_PRODUCTS_DIR; };
		570E00DC2711188A003AA68C /* AppDelegate.swift */ = {isa = PBXFileReference; lastKnownFileType = sourcecode.swift; path = AppDelegate.swift; sourceTree = "<group>"; };
		570E00DE2711188A003AA68C /* SceneDelegate.swift */ = {isa = PBXFileReference; lastKnownFileType = sourcecode.swift; path = SceneDelegate.swift; sourceTree = "<group>"; };
		570E00E02711188A003AA68C /* MainViewController.swift */ = {isa = PBXFileReference; lastKnownFileType = sourcecode.swift; path = MainViewController.swift; sourceTree = "<group>"; };
		570E00E32711188A003AA68C /* Base */ = {isa = PBXFileReference; lastKnownFileType = file.storyboard; name = Base; path = Base.lproj/Main.storyboard; sourceTree = "<group>"; };
		570E00E527111892003AA68C /* Assets.xcassets */ = {isa = PBXFileReference; lastKnownFileType = folder.assetcatalog; path = Assets.xcassets; sourceTree = "<group>"; };
		570E00E827111892003AA68C /* Base */ = {isa = PBXFileReference; lastKnownFileType = file.storyboard; name = Base; path = Base.lproj/LaunchScreen.storyboard; sourceTree = "<group>"; };
		570E00EA27111892003AA68C /* Info.plist */ = {isa = PBXFileReference; lastKnownFileType = text.plist.xml; path = Info.plist; sourceTree = "<group>"; };
		570E00F0271118E5003AA68C /* RxPlaygrounds.playground */ = {isa = PBXFileReference; lastKnownFileType = file.playground; path = RxPlaygrounds.playground; sourceTree = "<group>"; };
		570E00F127111CB2003AA68C /* PhotosViewController.swift */ = {isa = PBXFileReference; fileEncoding = 4; lastKnownFileType = sourcecode.swift; path = PhotosViewController.swift; sourceTree = "<group>"; };
		570E00F327111CF6003AA68C /* PhotoCell.swift */ = {isa = PBXFileReference; fileEncoding = 4; lastKnownFileType = sourcecode.swift; path = PhotoCell.swift; sourceTree = "<group>"; };
		570E00F727111D3B003AA68C /* UIImage+Collage.swift */ = {isa = PBXFileReference; fileEncoding = 4; lastKnownFileType = sourcecode.swift; path = "UIImage+Collage.swift"; sourceTree = "<group>"; };
		570E00F827111D3C003AA68C /* PhotoWriter.swift */ = {isa = PBXFileReference; fileEncoding = 4; lastKnownFileType = sourcecode.swift; path = PhotoWriter.swift; sourceTree = "<group>"; };
		5723B71D2719BC1400A38C4D /* Extension UIViewController.swift */ = {isa = PBXFileReference; lastKnownFileType = sourcecode.swift; path = "Extension UIViewController.swift"; sourceTree = "<group>"; };
		5763E11A271F359100961952 /* PHPhotoLibrary+Rx.swift */ = {isa = PBXFileReference; lastKnownFileType = sourcecode.swift; path = "PHPhotoLibrary+Rx.swift"; sourceTree = "<group>"; };
		57FCFDEC271E04FA0019DB38 /* Pods.xcodeproj */ = {isa = PBXFileReference; lastKnownFileType = "wrapper.pb-project"; name = Pods.xcodeproj; path = Pods/Pods.xcodeproj; sourceTree = "<group>"; };
		799094B7660E82741B0C2564 /* Pods-Reactive.debug.xcconfig */ = {isa = PBXFileReference; includeInIndex = 1; lastKnownFileType = text.xcconfig; name = "Pods-Reactive.debug.xcconfig"; path = "Target Support Files/Pods-Reactive/Pods-Reactive.debug.xcconfig"; sourceTree = "<group>"; };
		CCDD30BEC66451730FF953D5 /* Pods-Reactive.release.xcconfig */ = {isa = PBXFileReference; includeInIndex = 1; lastKnownFileType = text.xcconfig; name = "Pods-Reactive.release.xcconfig"; path = "Target Support Files/Pods-Reactive/Pods-Reactive.release.xcconfig"; sourceTree = "<group>"; };
		E4120082663D31344B295BD2 /* Pods_Reactive.framework */ = {isa = PBXFileReference; explicitFileType = wrapper.framework; includeInIndex = 0; path = Pods_Reactive.framework; sourceTree = BUILT_PRODUCTS_DIR; };
/* End PBXFileReference section */

/* Begin PBXFrameworksBuildPhase section */
		570E00D62711188A003AA68C /* Frameworks */ = {
			isa = PBXFrameworksBuildPhase;
			buildActionMask = 2147483647;
			files = (
				E5B4C0CFA0ED5FC447D89DE1 /* Pods_Reactive.framework in Frameworks */,
			);
			runOnlyForDeploymentPostprocessing = 0;
		};
/* End PBXFrameworksBuildPhase section */

/* Begin PBXGroup section */
		570E00D027111889003AA68C = {
			isa = PBXGroup;
			children = (
				570E00DB2711188A003AA68C /* Reactive */,
				570E00DA2711188A003AA68C /* Products */,
				98CB61D6A7B8AFA8FAC1D095 /* Pods */,
				D18FCBDE0D7F25066729E207 /* Frameworks */,
			);
			sourceTree = "<group>";
		};
		570E00DA2711188A003AA68C /* Products */ = {
			isa = PBXGroup;
			children = (
				570E00D92711188A003AA68C /* Reactive.app */,
			);
			name = Products;
			sourceTree = "<group>";
		};
		570E00DB2711188A003AA68C /* Reactive */ = {
			isa = PBXGroup;
			children = (
				570E00F0271118E5003AA68C /* RxPlaygrounds.playground */,
				570E00FB27111D46003AA68C /* Classes */,
				570E00FC27111E1F003AA68C /* Assets */,
				570E00DE2711188A003AA68C /* SceneDelegate.swift */,
				570E00E02711188A003AA68C /* MainViewController.swift */,
				5723B71D2719BC1400A38C4D /* Extension UIViewController.swift */,
				570E00F127111CB2003AA68C /* PhotosViewController.swift */,
				570E00F327111CF6003AA68C /* PhotoCell.swift */,
				5763E11A271F359100961952 /* PHPhotoLibrary+Rx.swift */,
			);
			path = Reactive;
			sourceTree = "<group>";
		};
		570E00FB27111D46003AA68C /* Classes */ = {
			isa = PBXGroup;
			children = (
				570E00DC2711188A003AA68C /* AppDelegate.swift */,
				570E00F827111D3C003AA68C /* PhotoWriter.swift */,
				570E00F727111D3B003AA68C /* UIImage+Collage.swift */,
			);
			name = Classes;
			sourceTree = "<group>";
		};
		570E00FC27111E1F003AA68C /* Assets */ = {
			isa = PBXGroup;
			children = (
				570E00EA27111892003AA68C /* Info.plist */,
				570E00E22711188A003AA68C /* Main.storyboard */,
				570E00E527111892003AA68C /* Assets.xcassets */,
				570E00E727111892003AA68C /* LaunchScreen.storyboard */,
			);
			name = Assets;
			sourceTree = "<group>";
		};
		57FCFDED271E04FA0019DB38 /* Products */ = {
			isa = PBXGroup;
			children = (
				57FCFDF4271E04FA0019DB38 /* Pods-Reactive */,
				57FCFDF6271E04FA0019DB38 /* RxCocoa */,
				57FCFDF8271E04FA0019DB38 /* RxRelay */,
				57FCFDFA271E04FA0019DB38 /* RxSwift */,
			);
			name = Products;
			sourceTree = "<group>";
		};
		98CB61D6A7B8AFA8FAC1D095 /* Pods */ = {
			isa = PBXGroup;
			children = (
				799094B7660E82741B0C2564 /* Pods-Reactive.debug.xcconfig */,
				CCDD30BEC66451730FF953D5 /* Pods-Reactive.release.xcconfig */,
			);
			path = Pods;
			sourceTree = "<group>";
		};
		D18FCBDE0D7F25066729E207 /* Frameworks */ = {
			isa = PBXGroup;
			children = (
				57FCFDEC271E04FA0019DB38 /* Pods.xcodeproj */,
				E4120082663D31344B295BD2 /* Pods_Reactive.framework */,
			);
			name = Frameworks;
			sourceTree = "<group>";
		};
/* End PBXGroup section */

/* Begin PBXNativeTarget section */
		570E00D82711188A003AA68C /* Reactive */ = {
			isa = PBXNativeTarget;
			buildConfigurationList = 570E00ED27111892003AA68C /* Build configuration list for PBXNativeTarget "Reactive" */;
			buildPhases = (
				15F443D5FE799204AC5AEDED /* [CP] Check Pods Manifest.lock */,
				570E00D52711188A003AA68C /* Sources */,
				570E00D62711188A003AA68C /* Frameworks */,
				570E00D72711188A003AA68C /* Resources */,
				B0C1045249702C60473E8637 /* [CP] Embed Pods Frameworks */,
			);
			buildRules = (
			);
			dependencies = (
			);
			name = Reactive;
			productName = Reative;
			productReference = 570E00D92711188A003AA68C /* Reactive.app */;
			productType = "com.apple.product-type.application";
		};
/* End PBXNativeTarget section */

/* Begin PBXProject section */
		570E00D12711188A003AA68C /* Project object */ = {
			isa = PBXProject;
			attributes = {
				LastSwiftUpdateCheck = 1250;
				LastUpgradeCheck = 1250;
				TargetAttributes = {
					570E00D82711188A003AA68C = {
						CreatedOnToolsVersion = 12.5.1;
					};
				};
			};
			buildConfigurationList = 570E00D42711188A003AA68C /* Build configuration list for PBXProject "Reactive" */;
			compatibilityVersion = "Xcode 9.3";
			developmentRegion = en;
			hasScannedForEncodings = 0;
			knownRegions = (
				en,
				Base,
			);
			mainGroup = 570E00D027111889003AA68C;
			productRefGroup = 570E00DA2711188A003AA68C /* Products */;
			projectDirPath = "";
			projectReferences = (
				{
					ProductGroup = 57FCFDED271E04FA0019DB38 /* Products */;
					ProjectRef = 57FCFDEC271E04FA0019DB38 /* Pods.xcodeproj */;
				},
			);
			projectRoot = "";
			targets = (
				570E00D82711188A003AA68C /* Reactive */,
			);
		};
/* End PBXProject section */

/* Begin PBXReferenceProxy section */
		57FCFDF4271E04FA0019DB38 /* Pods-Reactive */ = {
			isa = PBXReferenceProxy;
			fileType = wrapper.framework;
			path = Pods_Reactive.framework;
			remoteRef = 57FCFDF3271E04FA0019DB38 /* PBXContainerItemProxy */;
			sourceTree = BUILT_PRODUCTS_DIR;
		};
		57FCFDF6271E04FA0019DB38 /* RxCocoa */ = {
			isa = PBXReferenceProxy;
			fileType = wrapper.framework;
			path = RxCocoa.framework;
			remoteRef = 57FCFDF5271E04FA0019DB38 /* PBXContainerItemProxy */;
			sourceTree = BUILT_PRODUCTS_DIR;
		};
		57FCFDF8271E04FA0019DB38 /* RxRelay */ = {
			isa = PBXReferenceProxy;
			fileType = wrapper.framework;
			path = RxRelay.framework;
			remoteRef = 57FCFDF7271E04FA0019DB38 /* PBXContainerItemProxy */;
			sourceTree = BUILT_PRODUCTS_DIR;
		};
		57FCFDFA271E04FA0019DB38 /* RxSwift */ = {
			isa = PBXReferenceProxy;
			fileType = wrapper.framework;
			path = RxSwift.framework;
			remoteRef = 57FCFDF9271E04FA0019DB38 /* PBXContainerItemProxy */;
			sourceTree = BUILT_PRODUCTS_DIR;
		};
/* End PBXReferenceProxy section */

/* Begin PBXResourcesBuildPhase section */
		570E00D72711188A003AA68C /* Resources */ = {
			isa = PBXResourcesBuildPhase;
			buildActionMask = 2147483647;
			files = (
				570E00E927111892003AA68C /* LaunchScreen.storyboard in Resources */,
				570E00E627111892003AA68C /* Assets.xcassets in Resources */,
				570E00E42711188A003AA68C /* Main.storyboard in Resources */,
			);
			runOnlyForDeploymentPostprocessing = 0;
		};
/* End PBXResourcesBuildPhase section */

/* Begin PBXShellScriptBuildPhase section */
		15F443D5FE799204AC5AEDED /* [CP] Check Pods Manifest.lock */ = {
			isa = PBXShellScriptBuildPhase;
			buildActionMask = 2147483647;
			files = (
			);
			inputFileListPaths = (
			);
			inputPaths = (
				"${PODS_PODFILE_DIR_PATH}/Podfile.lock",
				"${PODS_ROOT}/Manifest.lock",
			);
			name = "[CP] Check Pods Manifest.lock";
			outputFileListPaths = (
			);
			outputPaths = (
				"$(DERIVED_FILE_DIR)/Pods-Reactive-checkManifestLockResult.txt",
			);
			runOnlyForDeploymentPostprocessing = 0;
			shellPath = /bin/sh;
			shellScript = "diff \"${PODS_PODFILE_DIR_PATH}/Podfile.lock\" \"${PODS_ROOT}/Manifest.lock\" > /dev/null\nif [ $? != 0 ] ; then\n    # print error to STDERR\n    echo \"error: The sandbox is not in sync with the Podfile.lock. Run 'pod install' or update your CocoaPods installation.\" >&2\n    exit 1\nfi\n# This output is used by Xcode 'outputs' to avoid re-running this script phase.\necho \"SUCCESS\" > \"${SCRIPT_OUTPUT_FILE_0}\"\n";
			showEnvVarsInLog = 0;
		};
		B0C1045249702C60473E8637 /* [CP] Embed Pods Frameworks */ = {
			isa = PBXShellScriptBuildPhase;
			buildActionMask = 2147483647;
			files = (
			);
			inputFileListPaths = (
				"${PODS_ROOT}/Target Support Files/Pods-Reactive/Pods-Reactive-frameworks-${CONFIGURATION}-input-files.xcfilelist",
			);
			name = "[CP] Embed Pods Frameworks";
			outputFileListPaths = (
				"${PODS_ROOT}/Target Support Files/Pods-Reactive/Pods-Reactive-frameworks-${CONFIGURATION}-output-files.xcfilelist",
			);
			runOnlyForDeploymentPostprocessing = 0;
			shellPath = /bin/sh;
			shellScript = "\"${PODS_ROOT}/Target Support Files/Pods-Reactive/Pods-Reactive-frameworks.sh\"\n";
			showEnvVarsInLog = 0;
		};
/* End PBXShellScriptBuildPhase section */

/* Begin PBXSourcesBuildPhase section */
		570E00D52711188A003AA68C /* Sources */ = {
			isa = PBXSourcesBuildPhase;
			buildActionMask = 2147483647;
			files = (
				570E00FA27111D3C003AA68C /* PhotoWriter.swift in Sources */,
				570E00E12711188A003AA68C /* MainViewController.swift in Sources */,
				5723B71E2719BC1400A38C4D /* Extension UIViewController.swift in Sources */,
				570E00F927111D3C003AA68C /* UIImage+Collage.swift in Sources */,
				5763E11B271F359100961952 /* PHPhotoLibrary+Rx.swift in Sources */,
				570E00F427111CF6003AA68C /* PhotoCell.swift in Sources */,
				570E00F227111CB2003AA68C /* PhotosViewController.swift in Sources */,
				570E00DD2711188A003AA68C /* AppDelegate.swift in Sources */,
				570E00DF2711188A003AA68C /* SceneDelegate.swift in Sources */,
			);
			runOnlyForDeploymentPostprocessing = 0;
		};
/* End PBXSourcesBuildPhase section */

/* Begin PBXVariantGroup section */
		570E00E22711188A003AA68C /* Main.storyboard */ = {
			isa = PBXVariantGroup;
			children = (
				570E00E32711188A003AA68C /* Base */,
			);
			name = Main.storyboard;
			sourceTree = "<group>";
		};
		570E00E727111892003AA68C /* LaunchScreen.storyboard */ = {
			isa = PBXVariantGroup;
			children = (
				570E00E827111892003AA68C /* Base */,
			);
			name = LaunchScreen.storyboard;
			sourceTree = "<group>";
		};
/* End PBXVariantGroup section */

/* Begin XCBuildConfiguration section */
		570E00EB27111892003AA68C /* Debug */ = {
			isa = XCBuildConfiguration;
			buildSettings = {
				ALWAYS_SEARCH_USER_PATHS = NO;
				CLANG_ANALYZER_NONNULL = YES;
				CLANG_ANALYZER_NUMBER_OBJECT_CONVERSION = YES_AGGRESSIVE;
				CLANG_CXX_LANGUAGE_STANDARD = "gnu++14";
				CLANG_CXX_LIBRARY = "libc++";
				CLANG_ENABLE_MODULES = YES;
				CLANG_ENABLE_OBJC_ARC = YES;
				CLANG_ENABLE_OBJC_WEAK = YES;
				CLANG_WARN_BLOCK_CAPTURE_AUTORELEASING = YES;
				CLANG_WARN_BOOL_CONVERSION = YES;
				CLANG_WARN_COMMA = YES;
				CLANG_WARN_CONSTANT_CONVERSION = YES;
				CLANG_WARN_DEPRECATED_OBJC_IMPLEMENTATIONS = YES;
				CLANG_WARN_DIRECT_OBJC_ISA_USAGE = YES_ERROR;
				CLANG_WARN_DOCUMENTATION_COMMENTS = YES;
				CLANG_WARN_EMPTY_BODY = YES;
				CLANG_WARN_ENUM_CONVERSION = YES;
				CLANG_WARN_INFINITE_RECURSION = YES;
				CLANG_WARN_INT_CONVERSION = YES;
				CLANG_WARN_NON_LITERAL_NULL_CONVERSION = YES;
				CLANG_WARN_OBJC_IMPLICIT_RETAIN_SELF = YES;
				CLANG_WARN_OBJC_LITERAL_CONVERSION = YES;
				CLANG_WARN_OBJC_ROOT_CLASS = YES_ERROR;
				CLANG_WARN_QUOTED_INCLUDE_IN_FRAMEWORK_HEADER = YES;
				CLANG_WARN_RANGE_LOOP_ANALYSIS = YES;
				CLANG_WARN_STRICT_PROTOTYPES = YES;
				CLANG_WARN_SUSPICIOUS_MOVE = YES;
				CLANG_WARN_UNGUARDED_AVAILABILITY = YES_AGGRESSIVE;
				CLANG_WARN_UNREACHABLE_CODE = YES;
				CLANG_WARN__DUPLICATE_METHOD_MATCH = YES;
				COPY_PHASE_STRIP = NO;
				DEBUG_INFORMATION_FORMAT = dwarf;
				ENABLE_STRICT_OBJC_MSGSEND = YES;
				ENABLE_TESTABILITY = YES;
				GCC_C_LANGUAGE_STANDARD = gnu11;
				GCC_DYNAMIC_NO_PIC = NO;
				GCC_NO_COMMON_BLOCKS = YES;
				GCC_OPTIMIZATION_LEVEL = 0;
				GCC_PREPROCESSOR_DEFINITIONS = (
					"DEBUG=1",
					"$(inherited)",
				);
				GCC_WARN_64_TO_32_BIT_CONVERSION = YES;
				GCC_WARN_ABOUT_RETURN_TYPE = YES_ERROR;
				GCC_WARN_UNDECLARED_SELECTOR = YES;
				GCC_WARN_UNINITIALIZED_AUTOS = YES_AGGRESSIVE;
				GCC_WARN_UNUSED_FUNCTION = YES;
				GCC_WARN_UNUSED_VARIABLE = YES;
				IPHONEOS_DEPLOYMENT_TARGET = 14.5;
				MTL_ENABLE_DEBUG_INFO = INCLUDE_SOURCE;
				MTL_FAST_MATH = YES;
				ONLY_ACTIVE_ARCH = YES;
				SDKROOT = iphoneos;
				SWIFT_ACTIVE_COMPILATION_CONDITIONS = DEBUG;
				SWIFT_OPTIMIZATION_LEVEL = "-Onone";
			};
			name = Debug;
		};
		570E00EC27111892003AA68C /* Release */ = {
			isa = XCBuildConfiguration;
			buildSettings = {
				ALWAYS_SEARCH_USER_PATHS = NO;
				CLANG_ANALYZER_NONNULL = YES;
				CLANG_ANALYZER_NUMBER_OBJECT_CONVERSION = YES_AGGRESSIVE;
				CLANG_CXX_LANGUAGE_STANDARD = "gnu++14";
				CLANG_CXX_LIBRARY = "libc++";
				CLANG_ENABLE_MODULES = YES;
				CLANG_ENABLE_OBJC_ARC = YES;
				CLANG_ENABLE_OBJC_WEAK = YES;
				CLANG_WARN_BLOCK_CAPTURE_AUTORELEASING = YES;
				CLANG_WARN_BOOL_CONVERSION = YES;
				CLANG_WARN_COMMA = YES;
				CLANG_WARN_CONSTANT_CONVERSION = YES;
				CLANG_WARN_DEPRECATED_OBJC_IMPLEMENTATIONS = YES;
				CLANG_WARN_DIRECT_OBJC_ISA_USAGE = YES_ERROR;
				CLANG_WARN_DOCUMENTATION_COMMENTS = YES;
				CLANG_WARN_EMPTY_BODY = YES;
				CLANG_WARN_ENUM_CONVERSION = YES;
				CLANG_WARN_INFINITE_RECURSION = YES;
				CLANG_WARN_INT_CONVERSION = YES;
				CLANG_WARN_NON_LITERAL_NULL_CONVERSION = YES;
				CLANG_WARN_OBJC_IMPLICIT_RETAIN_SELF = YES;
				CLANG_WARN_OBJC_LITERAL_CONVERSION = YES;
				CLANG_WARN_OBJC_ROOT_CLASS = YES_ERROR;
				CLANG_WARN_QUOTED_INCLUDE_IN_FRAMEWORK_HEADER = YES;
				CLANG_WARN_RANGE_LOOP_ANALYSIS = YES;
				CLANG_WARN_STRICT_PROTOTYPES = YES;
				CLANG_WARN_SUSPICIOUS_MOVE = YES;
				CLANG_WARN_UNGUARDED_AVAILABILITY = YES_AGGRESSIVE;
				CLANG_WARN_UNREACHABLE_CODE = YES;
				CLANG_WARN__DUPLICATE_METHOD_MATCH = YES;
				COPY_PHASE_STRIP = NO;
				DEBUG_INFORMATION_FORMAT = "dwarf-with-dsym";
				ENABLE_NS_ASSERTIONS = NO;
				ENABLE_STRICT_OBJC_MSGSEND = YES;
				GCC_C_LANGUAGE_STANDARD = gnu11;
				GCC_NO_COMMON_BLOCKS = YES;
				GCC_WARN_64_TO_32_BIT_CONVERSION = YES;
				GCC_WARN_ABOUT_RETURN_TYPE = YES_ERROR;
				GCC_WARN_UNDECLARED_SELECTOR = YES;
				GCC_WARN_UNINITIALIZED_AUTOS = YES_AGGRESSIVE;
				GCC_WARN_UNUSED_FUNCTION = YES;
				GCC_WARN_UNUSED_VARIABLE = YES;
				IPHONEOS_DEPLOYMENT_TARGET = 14.5;
				MTL_ENABLE_DEBUG_INFO = NO;
				MTL_FAST_MATH = YES;
				SDKROOT = iphoneos;
				SWIFT_COMPILATION_MODE = wholemodule;
				SWIFT_OPTIMIZATION_LEVEL = "-O";
				VALIDATE_PRODUCT = YES;
			};
			name = Release;
		};
		570E00EE27111892003AA68C /* Debug */ = {
			isa = XCBuildConfiguration;
			baseConfigurationReference = 799094B7660E82741B0C2564 /* Pods-Reactive.debug.xcconfig */;
			buildSettings = {
				ASSETCATALOG_COMPILER_APPICON_NAME = AppIcon;
				ASSETCATALOG_COMPILER_GLOBAL_ACCENT_COLOR_NAME = AccentColor;
				CODE_SIGN_STYLE = Automatic;
				DEVELOPMENT_TEAM = 69RAP3CCFB;
				INFOPLIST_FILE = "$(SRCROOT)/Reactive/Info.plist";
				IPHONEOS_DEPLOYMENT_TARGET = 12.1;
				LD_RUNPATH_SEARCH_PATHS = (
					"$(inherited)",
					"@executable_path/Frameworks",
				);
				PRODUCT_BUNDLE_IDENTIFIER = com.Reactive;
				PRODUCT_NAME = "$(TARGET_NAME)";
				SWIFT_VERSION = 5.0;
				TARGETED_DEVICE_FAMILY = "1,2";
			};
			name = Debug;
		};
		570E00EF27111892003AA68C /* Release */ = {
			isa = XCBuildConfiguration;
			baseConfigurationReference = CCDD30BEC66451730FF953D5 /* Pods-Reactive.release.xcconfig */;
			buildSettings = {
				ASSETCATALOG_COMPILER_APPICON_NAME = AppIcon;
				ASSETCATALOG_COMPILER_GLOBAL_ACCENT_COLOR_NAME = AccentColor;
				CODE_SIGN_STYLE = Automatic;
				DEVELOPMENT_TEAM = 69RAP3CCFB;
				INFOPLIST_FILE = "$(SRCROOT)/Reactive/Info.plist";
				IPHONEOS_DEPLOYMENT_TARGET = 12.1;
				LD_RUNPATH_SEARCH_PATHS = (
					"$(inherited)",
					"@executable_path/Frameworks",
				);
				PRODUCT_BUNDLE_IDENTIFIER = com.Reactive;
				PRODUCT_NAME = "$(TARGET_NAME)";
				SWIFT_VERSION = 5.0;
				TARGETED_DEVICE_FAMILY = "1,2";
			};
			name = Release;
		};
/* End XCBuildConfiguration section */

/* Begin XCConfigurationList section */
		570E00D42711188A003AA68C /* Build configuration list for PBXProject "Reactive" */ = {
			isa = XCConfigurationList;
			buildConfigurations = (
				570E00EB27111892003AA68C /* Debug */,
				570E00EC27111892003AA68C /* Release */,
			);
			defaultConfigurationIsVisible = 0;
			defaultConfigurationName = Release;
		};
		570E00ED27111892003AA68C /* Build configuration list for PBXNativeTarget "Reactive" */ = {
			isa = XCConfigurationList;
			buildConfigurations = (
				570E00EE27111892003AA68C /* Debug */,
				570E00EF27111892003AA68C /* Release */,
			);
			defaultConfigurationIsVisible = 0;
			defaultConfigurationName = Release;
		};
/* End XCConfigurationList section */
	};
	rootObject = 570E00D12711188A003AA68C /* Project object */;
}
